// !$*UTF8*$!
{
	archiveVersion = 1;
	classes = {
	};
	objectVersion = 50;
	objects = {

/* Begin PBXBuildFile section */
		294AA6C420F48A100031BCF6 /* PostCell.m in Sources */ = {isa = PBXBuildFile; fileRef = 294AA6C320F48A100031BCF6 /* PostCell.m */; };
		2974B8A220F5247200BF7896 /* CreatePostViewController.m in Sources */ = {isa = PBXBuildFile; fileRef = 2974B8A120F5247200BF7896 /* CreatePostViewController.m */; };
		297EF9A720F4091D004CFC49 /* AppDelegate.m in Sources */ = {isa = PBXBuildFile; fileRef = 297EF9A620F4091D004CFC49 /* AppDelegate.m */; };
		297EF9AD20F4091D004CFC49 /* Main.storyboard in Resources */ = {isa = PBXBuildFile; fileRef = 297EF9AB20F4091D004CFC49 /* Main.storyboard */; };
		297EF9AF20F4091F004CFC49 /* Assets.xcassets in Resources */ = {isa = PBXBuildFile; fileRef = 297EF9AE20F4091F004CFC49 /* Assets.xcassets */; };
		297EF9B220F4091F004CFC49 /* LaunchScreen.storyboard in Resources */ = {isa = PBXBuildFile; fileRef = 297EF9B020F4091F004CFC49 /* LaunchScreen.storyboard */; };
		297EF9B520F4091F004CFC49 /* main.m in Sources */ = {isa = PBXBuildFile; fileRef = 297EF9B420F4091F004CFC49 /* main.m */; };
		297EF9BF20F4091F004CFC49 /* InstagramTests.m in Sources */ = {isa = PBXBuildFile; fileRef = 297EF9BE20F4091F004CFC49 /* InstagramTests.m */; };
		297EF9CA20F4091F004CFC49 /* InstagramUITests.m in Sources */ = {isa = PBXBuildFile; fileRef = 297EF9C920F4091F004CFC49 /* InstagramUITests.m */; };
		297EF9DC20F4173C004CFC49 /* LoginViewController.m in Sources */ = {isa = PBXBuildFile; fileRef = 297EF9DB20F4173C004CFC49 /* LoginViewController.m */; };
		297EF9DF20F41D20004CFC49 /* FeedViewController.m in Sources */ = {isa = PBXBuildFile; fileRef = 297EF9DE20F41D20004CFC49 /* FeedViewController.m */; };
		297EF9E220F437C1004CFC49 /* Post.m in Sources */ = {isa = PBXBuildFile; fileRef = 297EF9E120F437C1004CFC49 /* Post.m */; };
		298A38E820F6B685000FCEF0 /* CommentCell.m in Sources */ = {isa = PBXBuildFile; fileRef = 298A38E720F6B685000FCEF0 /* CommentCell.m */; };
		298A38EB20F6B820000FCEF0 /* CommentViewController.m in Sources */ = {isa = PBXBuildFile; fileRef = 298A38EA20F6B820000FCEF0 /* CommentViewController.m */; };
		298A38EE20F6BD42000FCEF0 /* Comment.m in Sources */ = {isa = PBXBuildFile; fileRef = 298A38ED20F6BD42000FCEF0 /* Comment.m */; };
		298E6F3020F81AF600FD98AE /* ProfileViewController.m in Sources */ = {isa = PBXBuildFile; fileRef = 298E6F2F20F81AF600FD98AE /* ProfileViewController.m */; };
		29E10C5820F6877F009B9396 /* DetailPostViewController.m in Sources */ = {isa = PBXBuildFile; fileRef = 29E10C5720F6877F009B9396 /* DetailPostViewController.m */; };
		3A5E0B0E1E503C0745CDB4C2 /* libPods-InstagramTests.a in Frameworks */ = {isa = PBXBuildFile; fileRef = 7B551F21C551C550CD4FAB3D /* libPods-InstagramTests.a */; };
		78F1A508B09F5CCF199F8968 /* libPods-InstagramUITests.a in Frameworks */ = {isa = PBXBuildFile; fileRef = 318CE770E1CDB1A22689D69A /* libPods-InstagramUITests.a */; };
		ACA9FA55FB0560FD5768C550 /* libPods-Instagram.a in Frameworks */ = {isa = PBXBuildFile; fileRef = B46CB969FB910BE3C2CAE3BC /* libPods-Instagram.a */; };
/* End PBXBuildFile section */

/* Begin PBXContainerItemProxy section */
		297EF9BB20F4091F004CFC49 /* PBXContainerItemProxy */ = {
			isa = PBXContainerItemProxy;
			containerPortal = 297EF99A20F4091D004CFC49 /* Project object */;
			proxyType = 1;
			remoteGlobalIDString = 297EF9A120F4091D004CFC49;
			remoteInfo = Instagram;
		};
		297EF9C620F4091F004CFC49 /* PBXContainerItemProxy */ = {
			isa = PBXContainerItemProxy;
			containerPortal = 297EF99A20F4091D004CFC49 /* Project object */;
			proxyType = 1;
			remoteGlobalIDString = 297EF9A120F4091D004CFC49;
			remoteInfo = Instagram;
		};
/* End PBXContainerItemProxy section */

/* Begin PBXFileReference section */
		1C03BF2E5FAAC2119492AF5E /* Pods-InstagramTests.debug.xcconfig */ = {isa = PBXFileReference; includeInIndex = 1; lastKnownFileType = text.xcconfig; name = "Pods-InstagramTests.debug.xcconfig"; path = "Pods/Target Support Files/Pods-InstagramTests/Pods-InstagramTests.debug.xcconfig"; sourceTree = "<group>"; };
		294AA6C220F48A100031BCF6 /* PostCell.h */ = {isa = PBXFileReference; lastKnownFileType = sourcecode.c.h; path = PostCell.h; sourceTree = "<group>"; };
		294AA6C320F48A100031BCF6 /* PostCell.m */ = {isa = PBXFileReference; lastKnownFileType = sourcecode.c.objc; path = PostCell.m; sourceTree = "<group>"; };
		2974B8A020F5247200BF7896 /* CreatePostViewController.h */ = {isa = PBXFileReference; lastKnownFileType = sourcecode.c.h; path = CreatePostViewController.h; sourceTree = "<group>"; };
		2974B8A120F5247200BF7896 /* CreatePostViewController.m */ = {isa = PBXFileReference; lastKnownFileType = sourcecode.c.objc; path = CreatePostViewController.m; sourceTree = "<group>"; };
		297EF9A220F4091D004CFC49 /* Instagram.app */ = {isa = PBXFileReference; explicitFileType = wrapper.application; includeInIndex = 0; path = Instagram.app; sourceTree = BUILT_PRODUCTS_DIR; };
		297EF9A520F4091D004CFC49 /* AppDelegate.h */ = {isa = PBXFileReference; lastKnownFileType = sourcecode.c.h; path = AppDelegate.h; sourceTree = "<group>"; };
		297EF9A620F4091D004CFC49 /* AppDelegate.m */ = {isa = PBXFileReference; lastKnownFileType = sourcecode.c.objc; path = AppDelegate.m; sourceTree = "<group>"; };
		297EF9AC20F4091D004CFC49 /* Base */ = {isa = PBXFileReference; lastKnownFileType = file.storyboard; name = Base; path = Base.lproj/Main.storyboard; sourceTree = "<group>"; };
		297EF9AE20F4091F004CFC49 /* Assets.xcassets */ = {isa = PBXFileReference; lastKnownFileType = folder.assetcatalog; path = Assets.xcassets; sourceTree = "<group>"; };
		297EF9B120F4091F004CFC49 /* Base */ = {isa = PBXFileReference; lastKnownFileType = file.storyboard; name = Base; path = Base.lproj/LaunchScreen.storyboard; sourceTree = "<group>"; };
		297EF9B320F4091F004CFC49 /* Info.plist */ = {isa = PBXFileReference; lastKnownFileType = text.plist.xml; path = Info.plist; sourceTree = "<group>"; };
		297EF9B420F4091F004CFC49 /* main.m */ = {isa = PBXFileReference; lastKnownFileType = sourcecode.c.objc; path = main.m; sourceTree = "<group>"; };
		297EF9BA20F4091F004CFC49 /* InstagramTests.xctest */ = {isa = PBXFileReference; explicitFileType = wrapper.cfbundle; includeInIndex = 0; path = InstagramTests.xctest; sourceTree = BUILT_PRODUCTS_DIR; };
		297EF9BE20F4091F004CFC49 /* InstagramTests.m */ = {isa = PBXFileReference; lastKnownFileType = sourcecode.c.objc; path = InstagramTests.m; sourceTree = "<group>"; };
		297EF9C020F4091F004CFC49 /* Info.plist */ = {isa = PBXFileReference; lastKnownFileType = text.plist.xml; path = Info.plist; sourceTree = "<group>"; };
		297EF9C520F4091F004CFC49 /* InstagramUITests.xctest */ = {isa = PBXFileReference; explicitFileType = wrapper.cfbundle; includeInIndex = 0; path = InstagramUITests.xctest; sourceTree = BUILT_PRODUCTS_DIR; };
		297EF9C920F4091F004CFC49 /* InstagramUITests.m */ = {isa = PBXFileReference; lastKnownFileType = sourcecode.c.objc; path = InstagramUITests.m; sourceTree = "<group>"; };
		297EF9CB20F4091F004CFC49 /* Info.plist */ = {isa = PBXFileReference; lastKnownFileType = text.plist.xml; path = Info.plist; sourceTree = "<group>"; };
		297EF9DA20F4173C004CFC49 /* LoginViewController.h */ = {isa = PBXFileReference; lastKnownFileType = sourcecode.c.h; path = LoginViewController.h; sourceTree = "<group>"; };
		297EF9DB20F4173C004CFC49 /* LoginViewController.m */ = {isa = PBXFileReference; lastKnownFileType = sourcecode.c.objc; path = LoginViewController.m; sourceTree = "<group>"; };
		297EF9DD20F41D20004CFC49 /* FeedViewController.h */ = {isa = PBXFileReference; lastKnownFileType = sourcecode.c.h; path = FeedViewController.h; sourceTree = "<group>"; };
		297EF9DE20F41D20004CFC49 /* FeedViewController.m */ = {isa = PBXFileReference; lastKnownFileType = sourcecode.c.objc; path = FeedViewController.m; sourceTree = "<group>"; };
		297EF9E020F437C1004CFC49 /* Post.h */ = {isa = PBXFileReference; lastKnownFileType = sourcecode.c.h; path = Post.h; sourceTree = "<group>"; };
		297EF9E120F437C1004CFC49 /* Post.m */ = {isa = PBXFileReference; lastKnownFileType = sourcecode.c.objc; path = Post.m; sourceTree = "<group>"; };
		298A38E620F6B685000FCEF0 /* CommentCell.h */ = {isa = PBXFileReference; lastKnownFileType = sourcecode.c.h; path = CommentCell.h; sourceTree = "<group>"; };
		298A38E720F6B685000FCEF0 /* CommentCell.m */ = {isa = PBXFileReference; lastKnownFileType = sourcecode.c.objc; path = CommentCell.m; sourceTree = "<group>"; };
		298A38E920F6B820000FCEF0 /* CommentViewController.h */ = {isa = PBXFileReference; lastKnownFileType = sourcecode.c.h; path = CommentViewController.h; sourceTree = "<group>"; };
		298A38EA20F6B820000FCEF0 /* CommentViewController.m */ = {isa = PBXFileReference; lastKnownFileType = sourcecode.c.objc; path = CommentViewController.m; sourceTree = "<group>"; };
		298A38EC20F6BD42000FCEF0 /* Comment.h */ = {isa = PBXFileReference; lastKnownFileType = sourcecode.c.h; path = Comment.h; sourceTree = "<group>"; };
		298A38ED20F6BD42000FCEF0 /* Comment.m */ = {isa = PBXFileReference; lastKnownFileType = sourcecode.c.objc; path = Comment.m; sourceTree = "<group>"; };
		298E6F2E20F81AF600FD98AE /* ProfileViewController.h */ = {isa = PBXFileReference; lastKnownFileType = sourcecode.c.h; path = ProfileViewController.h; sourceTree = "<group>"; };
		298E6F2F20F81AF600FD98AE /* ProfileViewController.m */ = {isa = PBXFileReference; lastKnownFileType = sourcecode.c.objc; path = ProfileViewController.m; sourceTree = "<group>"; };
		29E10C5620F6877F009B9396 /* DetailPostViewController.h */ = {isa = PBXFileReference; lastKnownFileType = sourcecode.c.h; path = DetailPostViewController.h; sourceTree = "<group>"; };
		29E10C5720F6877F009B9396 /* DetailPostViewController.m */ = {isa = PBXFileReference; lastKnownFileType = sourcecode.c.objc; path = DetailPostViewController.m; sourceTree = "<group>"; };
		318CE770E1CDB1A22689D69A /* libPods-InstagramUITests.a */ = {isa = PBXFileReference; explicitFileType = archive.ar; includeInIndex = 0; path = "libPods-InstagramUITests.a"; sourceTree = BUILT_PRODUCTS_DIR; };
		53867B09C182800070A42B7A /* Pods-Instagram.release.xcconfig */ = {isa = PBXFileReference; includeInIndex = 1; lastKnownFileType = text.xcconfig; name = "Pods-Instagram.release.xcconfig"; path = "Pods/Target Support Files/Pods-Instagram/Pods-Instagram.release.xcconfig"; sourceTree = "<group>"; };
		584F4F0BEFA6134C79C9E08D /* Pods-Instagram.debug.xcconfig */ = {isa = PBXFileReference; includeInIndex = 1; lastKnownFileType = text.xcconfig; name = "Pods-Instagram.debug.xcconfig"; path = "Pods/Target Support Files/Pods-Instagram/Pods-Instagram.debug.xcconfig"; sourceTree = "<group>"; };
		60A2B312DD8066A29AE52F48 /* Pods-InstagramTests.release.xcconfig */ = {isa = PBXFileReference; includeInIndex = 1; lastKnownFileType = text.xcconfig; name = "Pods-InstagramTests.release.xcconfig"; path = "Pods/Target Support Files/Pods-InstagramTests/Pods-InstagramTests.release.xcconfig"; sourceTree = "<group>"; };
		7B551F21C551C550CD4FAB3D /* libPods-InstagramTests.a */ = {isa = PBXFileReference; explicitFileType = archive.ar; includeInIndex = 0; path = "libPods-InstagramTests.a"; sourceTree = BUILT_PRODUCTS_DIR; };
		9584CFE84730A88323A85DED /* Pods-InstagramUITests.release.xcconfig */ = {isa = PBXFileReference; includeInIndex = 1; lastKnownFileType = text.xcconfig; name = "Pods-InstagramUITests.release.xcconfig"; path = "Pods/Target Support Files/Pods-InstagramUITests/Pods-InstagramUITests.release.xcconfig"; sourceTree = "<group>"; };
		B46CB969FB910BE3C2CAE3BC /* libPods-Instagram.a */ = {isa = PBXFileReference; explicitFileType = archive.ar; includeInIndex = 0; path = "libPods-Instagram.a"; sourceTree = BUILT_PRODUCTS_DIR; };
		E8588B3525A692CEC201361A /* Pods-InstagramUITests.debug.xcconfig */ = {isa = PBXFileReference; includeInIndex = 1; lastKnownFileType = text.xcconfig; name = "Pods-InstagramUITests.debug.xcconfig"; path = "Pods/Target Support Files/Pods-InstagramUITests/Pods-InstagramUITests.debug.xcconfig"; sourceTree = "<group>"; };
/* End PBXFileReference section */

/* Begin PBXFrameworksBuildPhase section */
		297EF99F20F4091D004CFC49 /* Frameworks */ = {
			isa = PBXFrameworksBuildPhase;
			buildActionMask = 2147483647;
			files = (
				ACA9FA55FB0560FD5768C550 /* libPods-Instagram.a in Frameworks */,
			);
			runOnlyForDeploymentPostprocessing = 0;
		};
		297EF9B720F4091F004CFC49 /* Frameworks */ = {
			isa = PBXFrameworksBuildPhase;
			buildActionMask = 2147483647;
			files = (
				3A5E0B0E1E503C0745CDB4C2 /* libPods-InstagramTests.a in Frameworks */,
			);
			runOnlyForDeploymentPostprocessing = 0;
		};
		297EF9C220F4091F004CFC49 /* Frameworks */ = {
			isa = PBXFrameworksBuildPhase;
			buildActionMask = 2147483647;
			files = (
				78F1A508B09F5CCF199F8968 /* libPods-InstagramUITests.a in Frameworks */,
			);
			runOnlyForDeploymentPostprocessing = 0;
		};
/* End PBXFrameworksBuildPhase section */

/* Begin PBXGroup section */
		190D003552497FFFEE99A5B9 /* Pods */ = {
			isa = PBXGroup;
			children = (
				584F4F0BEFA6134C79C9E08D /* Pods-Instagram.debug.xcconfig */,
				53867B09C182800070A42B7A /* Pods-Instagram.release.xcconfig */,
				1C03BF2E5FAAC2119492AF5E /* Pods-InstagramTests.debug.xcconfig */,
				60A2B312DD8066A29AE52F48 /* Pods-InstagramTests.release.xcconfig */,
				E8588B3525A692CEC201361A /* Pods-InstagramUITests.debug.xcconfig */,
				9584CFE84730A88323A85DED /* Pods-InstagramUITests.release.xcconfig */,
			);
			name = Pods;
			sourceTree = "<group>";
		};
		297EF99920F4091D004CFC49 = {
			isa = PBXGroup;
			children = (
				297EF9A420F4091D004CFC49 /* Instagram */,
				297EF9BD20F4091F004CFC49 /* InstagramTests */,
				297EF9C820F4091F004CFC49 /* InstagramUITests */,
				297EF9A320F4091D004CFC49 /* Products */,
				190D003552497FFFEE99A5B9 /* Pods */,
				C859A51A6F3BF97DAFE23911 /* Frameworks */,
			);
			sourceTree = "<group>";
		};
		297EF9A320F4091D004CFC49 /* Products */ = {
			isa = PBXGroup;
			children = (
				297EF9A220F4091D004CFC49 /* Instagram.app */,
				297EF9BA20F4091F004CFC49 /* InstagramTests.xctest */,
				297EF9C520F4091F004CFC49 /* InstagramUITests.xctest */,
			);
			name = Products;
			sourceTree = "<group>";
		};
		297EF9A420F4091D004CFC49 /* Instagram */ = {
			isa = PBXGroup;
			children = (
				297EF9D920F4171C004CFC49 /* Views */,
				297EF9D820F41717004CFC49 /* View Controllers */,
				297EF9D720F41711004CFC49 /* Models */,
				297EF9A520F4091D004CFC49 /* AppDelegate.h */,
				297EF9A620F4091D004CFC49 /* AppDelegate.m */,
				297EF9AB20F4091D004CFC49 /* Main.storyboard */,
				297EF9AE20F4091F004CFC49 /* Assets.xcassets */,
				297EF9B020F4091F004CFC49 /* LaunchScreen.storyboard */,
				297EF9B320F4091F004CFC49 /* Info.plist */,
				297EF9B420F4091F004CFC49 /* main.m */,
			);
			path = Instagram;
			sourceTree = "<group>";
		};
		297EF9BD20F4091F004CFC49 /* InstagramTests */ = {
			isa = PBXGroup;
			children = (
				297EF9BE20F4091F004CFC49 /* InstagramTests.m */,
				297EF9C020F4091F004CFC49 /* Info.plist */,
			);
			path = InstagramTests;
			sourceTree = "<group>";
		};
		297EF9C820F4091F004CFC49 /* InstagramUITests */ = {
			isa = PBXGroup;
			children = (
				297EF9C920F4091F004CFC49 /* InstagramUITests.m */,
				297EF9CB20F4091F004CFC49 /* Info.plist */,
			);
			path = InstagramUITests;
			sourceTree = "<group>";
		};
		297EF9D720F41711004CFC49 /* Models */ = {
			isa = PBXGroup;
			children = (
				297EF9E020F437C1004CFC49 /* Post.h */,
				297EF9E120F437C1004CFC49 /* Post.m */,
				298A38EC20F6BD42000FCEF0 /* Comment.h */,
				298A38ED20F6BD42000FCEF0 /* Comment.m */,
			);
			name = Models;
			sourceTree = "<group>";
		};
		297EF9D820F41717004CFC49 /* View Controllers */ = {
			isa = PBXGroup;
			children = (
				297EF9DA20F4173C004CFC49 /* LoginViewController.h */,
				297EF9DB20F4173C004CFC49 /* LoginViewController.m */,
				297EF9DE20F41D20004CFC49 /* FeedViewController.m */,
				297EF9DD20F41D20004CFC49 /* FeedViewController.h */,
				2974B8A020F5247200BF7896 /* CreatePostViewController.h */,
				2974B8A120F5247200BF7896 /* CreatePostViewController.m */,
				29E10C5620F6877F009B9396 /* DetailPostViewController.h */,
				29E10C5720F6877F009B9396 /* DetailPostViewController.m */,
				298A38E920F6B820000FCEF0 /* CommentViewController.h */,
				298A38EA20F6B820000FCEF0 /* CommentViewController.m */,
				298E6F2E20F81AF600FD98AE /* ProfileViewController.h */,
				298E6F2F20F81AF600FD98AE /* ProfileViewController.m */,
			);
			path = "View Controllers";
			sourceTree = "<group>";
		};
		297EF9D920F4171C004CFC49 /* Views */ = {
			isa = PBXGroup;
			children = (
				294AA6C220F48A100031BCF6 /* PostCell.h */,
				294AA6C320F48A100031BCF6 /* PostCell.m */,
				298A38E620F6B685000FCEF0 /* CommentCell.h */,
				298A38E720F6B685000FCEF0 /* CommentCell.m */,
			);
			name = Views;
			sourceTree = "<group>";
		};
		C859A51A6F3BF97DAFE23911 /* Frameworks */ = {
			isa = PBXGroup;
			children = (
				B46CB969FB910BE3C2CAE3BC /* libPods-Instagram.a */,
				7B551F21C551C550CD4FAB3D /* libPods-InstagramTests.a */,
				318CE770E1CDB1A22689D69A /* libPods-InstagramUITests.a */,
			);
			name = Frameworks;
			sourceTree = "<group>";
		};
/* End PBXGroup section */

/* Begin PBXNativeTarget section */
		297EF9A120F4091D004CFC49 /* Instagram */ = {
			isa = PBXNativeTarget;
			buildConfigurationList = 297EF9CE20F4091F004CFC49 /* Build configuration list for PBXNativeTarget "Instagram" */;
			buildPhases = (
				69772D6A1C83E99BB862D6C9 /* [CP] Check Pods Manifest.lock */,
				297EF99E20F4091D004CFC49 /* Sources */,
				297EF99F20F4091D004CFC49 /* Frameworks */,
				297EF9A020F4091D004CFC49 /* Resources */,
				2E22C2BD0554BAEA976A29D1 /* [CP] Copy Pods Resources */,
			);
			buildRules = (
			);
			dependencies = (
			);
			name = Instagram;
			productName = Instagram;
			productReference = 297EF9A220F4091D004CFC49 /* Instagram.app */;
			productType = "com.apple.product-type.application";
		};
		297EF9B920F4091F004CFC49 /* InstagramTests */ = {
			isa = PBXNativeTarget;
			buildConfigurationList = 297EF9D120F4091F004CFC49 /* Build configuration list for PBXNativeTarget "InstagramTests" */;
			buildPhases = (
				0B022F29889841992B2214FF /* [CP] Check Pods Manifest.lock */,
				297EF9B620F4091F004CFC49 /* Sources */,
				297EF9B720F4091F004CFC49 /* Frameworks */,
				297EF9B820F4091F004CFC49 /* Resources */,
			);
			buildRules = (
			);
			dependencies = (
				297EF9BC20F4091F004CFC49 /* PBXTargetDependency */,
			);
			name = InstagramTests;
			productName = InstagramTests;
			productReference = 297EF9BA20F4091F004CFC49 /* InstagramTests.xctest */;
			productType = "com.apple.product-type.bundle.unit-test";
		};
		297EF9C420F4091F004CFC49 /* InstagramUITests */ = {
			isa = PBXNativeTarget;
			buildConfigurationList = 297EF9D420F4091F004CFC49 /* Build configuration list for PBXNativeTarget "InstagramUITests" */;
			buildPhases = (
				F6242A43D4B6AC29C92F26BC /* [CP] Check Pods Manifest.lock */,
				297EF9C120F4091F004CFC49 /* Sources */,
				297EF9C220F4091F004CFC49 /* Frameworks */,
				297EF9C320F4091F004CFC49 /* Resources */,
			);
			buildRules = (
			);
			dependencies = (
				297EF9C720F4091F004CFC49 /* PBXTargetDependency */,
			);
			name = InstagramUITests;
			productName = InstagramUITests;
			productReference = 297EF9C520F4091F004CFC49 /* InstagramUITests.xctest */;
			productType = "com.apple.product-type.bundle.ui-testing";
		};
/* End PBXNativeTarget section */

/* Begin PBXProject section */
		297EF99A20F4091D004CFC49 /* Project object */ = {
			isa = PBXProject;
			attributes = {
				LastUpgradeCheck = 0940;
				ORGANIZATIONNAME = jessicashu7;
				TargetAttributes = {
					297EF9A120F4091D004CFC49 = {
						CreatedOnToolsVersion = 9.4.1;
					};
					297EF9B920F4091F004CFC49 = {
						CreatedOnToolsVersion = 9.4.1;
						TestTargetID = 297EF9A120F4091D004CFC49;
					};
					297EF9C420F4091F004CFC49 = {
						CreatedOnToolsVersion = 9.4.1;
						TestTargetID = 297EF9A120F4091D004CFC49;
					};
				};
			};
			buildConfigurationList = 297EF99D20F4091D004CFC49 /* Build configuration list for PBXProject "Instagram" */;
			compatibilityVersion = "Xcode 9.3";
			developmentRegion = en;
			hasScannedForEncodings = 0;
			knownRegions = (
				en,
				Base,
			);
			mainGroup = 297EF99920F4091D004CFC49;
			productRefGroup = 297EF9A320F4091D004CFC49 /* Products */;
			projectDirPath = "";
			projectRoot = "";
			targets = (
				297EF9A120F4091D004CFC49 /* Instagram */,
				297EF9B920F4091F004CFC49 /* InstagramTests */,
				297EF9C420F4091F004CFC49 /* InstagramUITests */,
			);
		};
/* End PBXProject section */

/* Begin PBXResourcesBuildPhase section */
		297EF9A020F4091D004CFC49 /* Resources */ = {
			isa = PBXResourcesBuildPhase;
			buildActionMask = 2147483647;
			files = (
				297EF9B220F4091F004CFC49 /* LaunchScreen.storyboard in Resources */,
				297EF9AF20F4091F004CFC49 /* Assets.xcassets in Resources */,
				297EF9AD20F4091D004CFC49 /* Main.storyboard in Resources */,
			);
			runOnlyForDeploymentPostprocessing = 0;
		};
		297EF9B820F4091F004CFC49 /* Resources */ = {
			isa = PBXResourcesBuildPhase;
			buildActionMask = 2147483647;
			files = (
			);
			runOnlyForDeploymentPostprocessing = 0;
		};
		297EF9C320F4091F004CFC49 /* Resources */ = {
			isa = PBXResourcesBuildPhase;
			buildActionMask = 2147483647;
			files = (
			);
			runOnlyForDeploymentPostprocessing = 0;
		};
/* End PBXResourcesBuildPhase section */

/* Begin PBXShellScriptBuildPhase section */
		0B022F29889841992B2214FF /* [CP] Check Pods Manifest.lock */ = {
			isa = PBXShellScriptBuildPhase;
			buildActionMask = 2147483647;
			files = (
			);
			inputPaths = (
				"${PODS_PODFILE_DIR_PATH}/Podfile.lock",
				"${PODS_ROOT}/Manifest.lock",
			);
			name = "[CP] Check Pods Manifest.lock";
			outputPaths = (
				"$(DERIVED_FILE_DIR)/Pods-InstagramTests-checkManifestLockResult.txt",
			);
			runOnlyForDeploymentPostprocessing = 0;
			shellPath = /bin/sh;
			shellScript = "diff \"${PODS_PODFILE_DIR_PATH}/Podfile.lock\" \"${PODS_ROOT}/Manifest.lock\" > /dev/null\nif [ $? != 0 ] ; then\n    # print error to STDERR\n    echo \"error: The sandbox is not in sync with the Podfile.lock. Run 'pod install' or update your CocoaPods installation.\" >&2\n    exit 1\nfi\n# This output is used by Xcode 'outputs' to avoid re-running this script phase.\necho \"SUCCESS\" > \"${SCRIPT_OUTPUT_FILE_0}\"\n";
			showEnvVarsInLog = 0;
		};
		2E22C2BD0554BAEA976A29D1 /* [CP] Copy Pods Resources */ = {
			isa = PBXShellScriptBuildPhase;
			buildActionMask = 2147483647;
			files = (
			);
			inputPaths = (
				"${SRCROOT}/Pods/Target Support Files/Pods-Instagram/Pods-Instagram-resources.sh",
				"${PODS_ROOT}/DateTools/DateTools/DateTools/DateTools.bundle",
				"${PODS_CONFIGURATION_BUILD_DIR}/Parse/Parse.bundle",
				"${PODS_ROOT}/ParseUI/ParseUI/Resources/Localization/en.lproj",
				"${PODS_ROOT}/ParseUI/ParseUI/Resources/Localization/fr.lproj",
				"${PODS_ROOT}/ParseUI/ParseUI/Resources/Localization/pt-BR.lproj",
				"${PODS_ROOT}/SVProgressHUD/SVProgressHUD/SVProgressHUD.bundle",
			);
			name = "[CP] Copy Pods Resources";
			outputPaths = (
				"${TARGET_BUILD_DIR}/${UNLOCALIZED_RESOURCES_FOLDER_PATH}/DateTools.bundle",
				"${TARGET_BUILD_DIR}/${UNLOCALIZED_RESOURCES_FOLDER_PATH}/Parse.bundle",
				"${TARGET_BUILD_DIR}/${UNLOCALIZED_RESOURCES_FOLDER_PATH}/en.lproj",
				"${TARGET_BUILD_DIR}/${UNLOCALIZED_RESOURCES_FOLDER_PATH}/fr.lproj",
				"${TARGET_BUILD_DIR}/${UNLOCALIZED_RESOURCES_FOLDER_PATH}/pt-BR.lproj",
				"${TARGET_BUILD_DIR}/${UNLOCALIZED_RESOURCES_FOLDER_PATH}/SVProgressHUD.bundle",
			);
			runOnlyForDeploymentPostprocessing = 0;
			shellPath = /bin/sh;
			shellScript = "\"${SRCROOT}/Pods/Target Support Files/Pods-Instagram/Pods-Instagram-resources.sh\"\n";
			showEnvVarsInLog = 0;
		};
		69772D6A1C83E99BB862D6C9 /* [CP] Check Pods Manifest.lock */ = {
			isa = PBXShellScriptBuildPhase;
			buildActionMask = 2147483647;
			files = (
			);
			inputPaths = (
				"${PODS_PODFILE_DIR_PATH}/Podfile.lock",
				"${PODS_ROOT}/Manifest.lock",
			);
			name = "[CP] Check Pods Manifest.lock";
			outputPaths = (
				"$(DERIVED_FILE_DIR)/Pods-Instagram-checkManifestLockResult.txt",
			);
			runOnlyForDeploymentPostprocessing = 0;
			shellPath = /bin/sh;
			shellScript = "diff \"${PODS_PODFILE_DIR_PATH}/Podfile.lock\" \"${PODS_ROOT}/Manifest.lock\" > /dev/null\nif [ $? != 0 ] ; then\n    # print error to STDERR\n    echo \"error: The sandbox is not in sync with the Podfile.lock. Run 'pod install' or update your CocoaPods installation.\" >&2\n    exit 1\nfi\n# This output is used by Xcode 'outputs' to avoid re-running this script phase.\necho \"SUCCESS\" > \"${SCRIPT_OUTPUT_FILE_0}\"\n";
			showEnvVarsInLog = 0;
		};
		F6242A43D4B6AC29C92F26BC /* [CP] Check Pods Manifest.lock */ = {
			isa = PBXShellScriptBuildPhase;
			buildActionMask = 2147483647;
			files = (
			);
			inputPaths = (
				"${PODS_PODFILE_DIR_PATH}/Podfile.lock",
				"${PODS_ROOT}/Manifest.lock",
			);
			name = "[CP] Check Pods Manifest.lock";
			outputPaths = (
				"$(DERIVED_FILE_DIR)/Pods-InstagramUITests-checkManifestLockResult.txt",
			);
			runOnlyForDeploymentPostprocessing = 0;
			shellPath = /bin/sh;
			shellScript = "diff \"${PODS_PODFILE_DIR_PATH}/Podfile.lock\" \"${PODS_ROOT}/Manifest.lock\" > /dev/null\nif [ $? != 0 ] ; then\n    # print error to STDERR\n    echo \"error: The sandbox is not in sync with the Podfile.lock. Run 'pod install' or update your CocoaPods installation.\" >&2\n    exit 1\nfi\n# This output is used by Xcode 'outputs' to avoid re-running this script phase.\necho \"SUCCESS\" > \"${SCRIPT_OUTPUT_FILE_0}\"\n";
			showEnvVarsInLog = 0;
		};
/* End PBXShellScriptBuildPhase section */

/* Begin PBXSourcesBuildPhase section */
		297EF99E20F4091D004CFC49 /* Sources */ = {
			isa = PBXSourcesBuildPhase;
			buildActionMask = 2147483647;
			files = (
				297EF9E220F437C1004CFC49 /* Post.m in Sources */,
				298A38E820F6B685000FCEF0 /* CommentCell.m in Sources */,
				297EF9B520F4091F004CFC49 /* main.m in Sources */,
				298A38EE20F6BD42000FCEF0 /* Comment.m in Sources */,
				297EF9A720F4091D004CFC49 /* AppDelegate.m in Sources */,
				298A38EB20F6B820000FCEF0 /* CommentViewController.m in Sources */,
				297EF9DF20F41D20004CFC49 /* FeedViewController.m in Sources */,
				297EF9DC20F4173C004CFC49 /* LoginViewController.m in Sources */,
				29E10C5820F6877F009B9396 /* DetailPostViewController.m in Sources */,
				2974B8A220F5247200BF7896 /* CreatePostViewController.m in Sources */,
				298E6F3020F81AF600FD98AE /* ProfileViewController.m in Sources */,
				294AA6C420F48A100031BCF6 /* PostCell.m in Sources */,
			);
			runOnlyForDeploymentPostprocessing = 0;
		};
		297EF9B620F4091F004CFC49 /* Sources */ = {
			isa = PBXSourcesBuildPhase;
			buildActionMask = 2147483647;
			files = (
				297EF9BF20F4091F004CFC49 /* InstagramTests.m in Sources */,
			);
			runOnlyForDeploymentPostprocessing = 0;
		};
		297EF9C120F4091F004CFC49 /* Sources */ = {
			isa = PBXSourcesBuildPhase;
			buildActionMask = 2147483647;
			files = (
				297EF9CA20F4091F004CFC49 /* InstagramUITests.m in Sources */,
			);
			runOnlyForDeploymentPostprocessing = 0;
		};
/* End PBXSourcesBuildPhase section */

/* Begin PBXTargetDependency section */
		297EF9BC20F4091F004CFC49 /* PBXTargetDependency */ = {
			isa = PBXTargetDependency;
			target = 297EF9A120F4091D004CFC49 /* Instagram */;
			targetProxy = 297EF9BB20F4091F004CFC49 /* PBXContainerItemProxy */;
		};
		297EF9C720F4091F004CFC49 /* PBXTargetDependency */ = {
			isa = PBXTargetDependency;
			target = 297EF9A120F4091D004CFC49 /* Instagram */;
			targetProxy = 297EF9C620F4091F004CFC49 /* PBXContainerItemProxy */;
		};
/* End PBXTargetDependency section */

/* Begin PBXVariantGroup section */
		297EF9AB20F4091D004CFC49 /* Main.storyboard */ = {
			isa = PBXVariantGroup;
			children = (
				297EF9AC20F4091D004CFC49 /* Base */,
			);
			name = Main.storyboard;
			sourceTree = "<group>";
		};
		297EF9B020F4091F004CFC49 /* LaunchScreen.storyboard */ = {
			isa = PBXVariantGroup;
			children = (
				297EF9B120F4091F004CFC49 /* Base */,
			);
			name = LaunchScreen.storyboard;
			sourceTree = "<group>";
		};
/* End PBXVariantGroup section */

/* Begin XCBuildConfiguration section */
		297EF9CC20F4091F004CFC49 /* Debug */ = {
			isa = XCBuildConfiguration;
			buildSettings = {
				ALWAYS_SEARCH_USER_PATHS = NO;
				CLANG_ANALYZER_NONNULL = YES;
				CLANG_ANALYZER_NUMBER_OBJECT_CONVERSION = YES_AGGRESSIVE;
				CLANG_CXX_LANGUAGE_STANDARD = "gnu++14";
				CLANG_CXX_LIBRARY = "libc++";
				CLANG_ENABLE_MODULES = YES;
				CLANG_ENABLE_OBJC_ARC = YES;
				CLANG_ENABLE_OBJC_WEAK = YES;
				CLANG_WARN_BLOCK_CAPTURE_AUTORELEASING = YES;
				CLANG_WARN_BOOL_CONVERSION = YES;
				CLANG_WARN_COMMA = YES;
				CLANG_WARN_CONSTANT_CONVERSION = YES;
				CLANG_WARN_DEPRECATED_OBJC_IMPLEMENTATIONS = YES;
				CLANG_WARN_DIRECT_OBJC_ISA_USAGE = YES_ERROR;
				CLANG_WARN_DOCUMENTATION_COMMENTS = YES;
				CLANG_WARN_EMPTY_BODY = YES;
				CLANG_WARN_ENUM_CONVERSION = YES;
				CLANG_WARN_INFINITE_RECURSION = YES;
				CLANG_WARN_INT_CONVERSION = YES;
				CLANG_WARN_NON_LITERAL_NULL_CONVERSION = YES;
				CLANG_WARN_OBJC_IMPLICIT_RETAIN_SELF = YES;
				CLANG_WARN_OBJC_LITERAL_CONVERSION = YES;
				CLANG_WARN_OBJC_ROOT_CLASS = YES_ERROR;
				CLANG_WARN_RANGE_LOOP_ANALYSIS = YES;
				CLANG_WARN_STRICT_PROTOTYPES = YES;
				CLANG_WARN_SUSPICIOUS_MOVE = YES;
				CLANG_WARN_UNGUARDED_AVAILABILITY = YES_AGGRESSIVE;
				CLANG_WARN_UNREACHABLE_CODE = YES;
				CLANG_WARN__DUPLICATE_METHOD_MATCH = YES;
				CODE_SIGN_IDENTITY = "iPhone Developer";
				COPY_PHASE_STRIP = NO;
				DEBUG_INFORMATION_FORMAT = dwarf;
				ENABLE_STRICT_OBJC_MSGSEND = YES;
				ENABLE_TESTABILITY = YES;
				GCC_C_LANGUAGE_STANDARD = gnu11;
				GCC_DYNAMIC_NO_PIC = NO;
				GCC_NO_COMMON_BLOCKS = YES;
				GCC_OPTIMIZATION_LEVEL = 0;
				GCC_PREPROCESSOR_DEFINITIONS = (
					"DEBUG=1",
					"$(inherited)",
				);
				GCC_WARN_64_TO_32_BIT_CONVERSION = YES;
				GCC_WARN_ABOUT_RETURN_TYPE = YES_ERROR;
				GCC_WARN_UNDECLARED_SELECTOR = YES;
				GCC_WARN_UNINITIALIZED_AUTOS = YES_AGGRESSIVE;
				GCC_WARN_UNUSED_FUNCTION = YES;
				GCC_WARN_UNUSED_VARIABLE = YES;
				IPHONEOS_DEPLOYMENT_TARGET = 11.4;
				MTL_ENABLE_DEBUG_INFO = YES;
				ONLY_ACTIVE_ARCH = YES;
				SDKROOT = iphoneos;
			};
			name = Debug;
		};
		297EF9CD20F4091F004CFC49 /* Release */ = {
			isa = XCBuildConfiguration;
			buildSettings = {
				ALWAYS_SEARCH_USER_PATHS = NO;
				CLANG_ANALYZER_NONNULL = YES;
				CLANG_ANALYZER_NUMBER_OBJECT_CONVERSION = YES_AGGRESSIVE;
				CLANG_CXX_LANGUAGE_STANDARD = "gnu++14";
				CLANG_CXX_LIBRARY = "libc++";
				CLANG_ENABLE_MODULES = YES;
				CLANG_ENABLE_OBJC_ARC = YES;
				CLANG_ENABLE_OBJC_WEAK = YES;
				CLANG_WARN_BLOCK_CAPTURE_AUTORELEASING = YES;
				CLANG_WARN_BOOL_CONVERSION = YES;
				CLANG_WARN_COMMA = YES;
				CLANG_WARN_CONSTANT_CONVERSION = YES;
				CLANG_WARN_DEPRECATED_OBJC_IMPLEMENTATIONS = YES;
				CLANG_WARN_DIRECT_OBJC_ISA_USAGE = YES_ERROR;
				CLANG_WARN_DOCUMENTATION_COMMENTS = YES;
				CLANG_WARN_EMPTY_BODY = YES;
				CLANG_WARN_ENUM_CONVERSION = YES;
				CLANG_WARN_INFINITE_RECURSION = YES;
				CLANG_WARN_INT_CONVERSION = YES;
				CLANG_WARN_NON_LITERAL_NULL_CONVERSION = YES;
				CLANG_WARN_OBJC_IMPLICIT_RETAIN_SELF = YES;
				CLANG_WARN_OBJC_LITERAL_CONVERSION = YES;
				CLANG_WARN_OBJC_ROOT_CLASS = YES_ERROR;
				CLANG_WARN_RANGE_LOOP_ANALYSIS = YES;
				CLANG_WARN_STRICT_PROTOTYPES = YES;
				CLANG_WARN_SUSPICIOUS_MOVE = YES;
				CLANG_WARN_UNGUARDED_AVAILABILITY = YES_AGGRESSIVE;
				CLANG_WARN_UNREACHABLE_CODE = YES;
				CLANG_WARN__DUPLICATE_METHOD_MATCH = YES;
				CODE_SIGN_IDENTITY = "iPhone Developer";
				COPY_PHASE_STRIP = NO;
				DEBUG_INFORMATION_FORMAT = "dwarf-with-dsym";
				ENABLE_NS_ASSERTIONS = NO;
				ENABLE_STRICT_OBJC_MSGSEND = YES;
				GCC_C_LANGUAGE_STANDARD = gnu11;
				GCC_NO_COMMON_BLOCKS = YES;
				GCC_WARN_64_TO_32_BIT_CONVERSION = YES;
				GCC_WARN_ABOUT_RETURN_TYPE = YES_ERROR;
				GCC_WARN_UNDECLARED_SELECTOR = YES;
				GCC_WARN_UNINITIALIZED_AUTOS = YES_AGGRESSIVE;
				GCC_WARN_UNUSED_FUNCTION = YES;
				GCC_WARN_UNUSED_VARIABLE = YES;
				IPHONEOS_DEPLOYMENT_TARGET = 11.4;
				MTL_ENABLE_DEBUG_INFO = NO;
				SDKROOT = iphoneos;
				VALIDATE_PRODUCT = YES;
			};
			name = Release;
		};
		297EF9CF20F4091F004CFC49 /* Debug */ = {
			isa = XCBuildConfiguration;
			baseConfigurationReference = 584F4F0BEFA6134C79C9E08D /* Pods-Instagram.debug.xcconfig */;
			buildSettings = {
				ASSETCATALOG_COMPILER_APPICON_NAME = AppIcon;
				CODE_SIGN_STYLE = Automatic;
				DEVELOPMENT_TEAM = C3ZDZ24QV4;
				INFOPLIST_FILE = Instagram/Info.plist;
				IPHONEOS_DEPLOYMENT_TARGET = 11.3;
				LD_RUNPATH_SEARCH_PATHS = (
					"$(inherited)",
					"@executable_path/Frameworks",
				);
				PRODUCT_BUNDLE_IDENTIFIER = com.yoyo.jessicashu7Instagram;
				PRODUCT_NAME = "$(TARGET_NAME)";
				TARGETED_DEVICE_FAMILY = "1,2";
			};
			name = Debug;
		};
		297EF9D020F4091F004CFC49 /* Release */ = {
			isa = XCBuildConfiguration;
			baseConfigurationReference = 53867B09C182800070A42B7A /* Pods-Instagram.release.xcconfig */;
			buildSettings = {
				ASSETCATALOG_COMPILER_APPICON_NAME = AppIcon;
				CODE_SIGN_STYLE = Automatic;
				DEVELOPMENT_TEAM = C3ZDZ24QV4;
				INFOPLIST_FILE = Instagram/Info.plist;
				IPHONEOS_DEPLOYMENT_TARGET = 11.3;
				LD_RUNPATH_SEARCH_PATHS = (
					"$(inherited)",
					"@executable_path/Frameworks",
				);
				PRODUCT_BUNDLE_IDENTIFIER = com.yoyo.jessicashu7Instagram;
				PRODUCT_NAME = "$(TARGET_NAME)";
				TARGETED_DEVICE_FAMILY = "1,2";
			};
			name = Release;
		};
		297EF9D220F4091F004CFC49 /* Debug */ = {
			isa = XCBuildConfiguration;
			baseConfigurationReference = 1C03BF2E5FAAC2119492AF5E /* Pods-InstagramTests.debug.xcconfig */;
			buildSettings = {
				BUNDLE_LOADER = "$(TEST_HOST)";
				CODE_SIGN_STYLE = Automatic;
				INFOPLIST_FILE = InstagramTests/Info.plist;
				LD_RUNPATH_SEARCH_PATHS = (
					"$(inherited)",
					"@executable_path/Frameworks",
					"@loader_path/Frameworks",
				);
				PRODUCT_BUNDLE_IDENTIFIER = com.codepath.InstagramTests;
				PRODUCT_NAME = "$(TARGET_NAME)";
				TARGETED_DEVICE_FAMILY = "1,2";
				TEST_HOST = "$(BUILT_PRODUCTS_DIR)/Instagram.app/Instagram";
			};
			name = Debug;
		};
		297EF9D320F4091F004CFC49 /* Release */ = {
			isa = XCBuildConfiguration;
			baseConfigurationReference = 60A2B312DD8066A29AE52F48 /* Pods-InstagramTests.release.xcconfig */;
			buildSettings = {
				BUNDLE_LOADER = "$(TEST_HOST)";
				CODE_SIGN_STYLE = Automatic;
				INFOPLIST_FILE = InstagramTests/Info.plist;
				LD_RUNPATH_SEARCH_PATHS = (
					"$(inherited)",
					"@executable_path/Frameworks",
					"@loader_path/Frameworks",
				);
				PRODUCT_BUNDLE_IDENTIFIER = com.codepath.InstagramTests;
				PRODUCT_NAME = "$(TARGET_NAME)";
				TARGETED_DEVICE_FAMILY = "1,2";
				TEST_HOST = "$(BUILT_PRODUCTS_DIR)/Instagram.app/Instagram";
			};
			name = Release;
		};
		297EF9D520F4091F004CFC49 /* Debug */ = {
			isa = XCBuildConfiguration;
			baseConfigurationReference = E8588B3525A692CEC201361A /* Pods-InstagramUITests.debug.xcconfig */;
			buildSettings = {
				CODE_SIGN_STYLE = Automatic;
				INFOPLIST_FILE = InstagramUITests/Info.plist;
				LD_RUNPATH_SEARCH_PATHS = (
					"$(inherited)",
					"@executable_path/Frameworks",
					"@loader_path/Frameworks",
				);
				PRODUCT_BUNDLE_IDENTIFIER = com.codepath.InstagramUITests;
				PRODUCT_NAME = "$(TARGET_NAME)";
				TARGETED_DEVICE_FAMILY = "1,2";
				TEST_TARGET_NAME = Instagram;
			};
			name = Debug;
		};
		297EF9D620F4091F004CFC49 /* Release */ = {
			isa = XCBuildConfiguration;
			baseConfigurationReference = 9584CFE84730A88323A85DED /* Pods-InstagramUITests.release.xcconfig */;
			buildSettings = {
				CODE_SIGN_STYLE = Automatic;
				INFOPLIST_FILE = InstagramUITests/Info.plist;
				LD_RUNPATH_SEARCH_PATHS = (
					"$(inherited)",
					"@executable_path/Frameworks",
					"@loader_path/Frameworks",
				);
				PRODUCT_BUNDLE_IDENTIFIER = com.codepath.InstagramUITests;
				PRODUCT_NAME = "$(TARGET_NAME)";
				TARGETED_DEVICE_FAMILY = "1,2";
				TEST_TARGET_NAME = Instagram;
			};
			name = Release;
		};
/* End XCBuildConfiguration section */

/* Begin XCConfigurationList section */
		297EF99D20F4091D004CFC49 /* Build configuration list for PBXProject "Instagram" */ = {
			isa = XCConfigurationList;
			buildConfigurations = (
				297EF9CC20F4091F004CFC49 /* Debug */,
				297EF9CD20F4091F004CFC49 /* Release */,
			);
			defaultConfigurationIsVisible = 0;
			defaultConfigurationName = Release;
		};
		297EF9CE20F4091F004CFC49 /* Build configuration list for PBXNativeTarget "Instagram" */ = {
			isa = XCConfigurationList;
			buildConfigurations = (
				297EF9CF20F4091F004CFC49 /* Debug */,
				297EF9D020F4091F004CFC49 /* Release */,
			);
			defaultConfigurationIsVisible = 0;
			defaultConfigurationName = Release;
		};
		297EF9D120F4091F004CFC49 /* Build configuration list for PBXNativeTarget "InstagramTests" */ = {
			isa = XCConfigurationList;
			buildConfigurations = (
				297EF9D220F4091F004CFC49 /* Debug */,
				297EF9D320F4091F004CFC49 /* Release */,
			);
			defaultConfigurationIsVisible = 0;
			defaultConfigurationName = Release;
		};
		297EF9D420F4091F004CFC49 /* Build configuration list for PBXNativeTarget "InstagramUITests" */ = {
			isa = XCConfigurationList;
			buildConfigurations = (
				297EF9D520F4091F004CFC49 /* Debug */,
				297EF9D620F4091F004CFC49 /* Release */,
			);
			defaultConfigurationIsVisible = 0;
			defaultConfigurationName = Release;
		};
/* End XCConfigurationList section */
	};
	rootObject = 297EF99A20F4091D004CFC49 /* Project object */;
}
